
Microsoft Visual Studio Solution File, Format Version 12.00
# Visual Studio 15
VisualStudioVersion = 15.0.27004.2002
MinimumVisualStudioVersion = 10.0.40219.1
Project("{FAE04EC0-301F-11D3-BF4B-00C04F79EFBC}") = "ConsoleApp1", "ConsoleApp1\ConsoleApp1.csproj", "{2800DC16-E84B-4214-B92C-DE8A30D9CE0A}"
EndProject
Global
	GlobalSection(SolutionConfigurationPlatforms) = preSolution
		Debug|Any CPU = Debug|Any CPU
		Release|Any CPU = Release|Any CPU
	EndGlobalSection
	GlobalSection(ProjectConfigurationPlatforms) = postSolution
		{2800DC16-E84B-4214-B92C-DE8A30D9CE0A}.Debug|Any CPU.ActiveCfg = Debug|Any CPU
		{2800DC16-E84B-4214-B92C-DE8A30D9CE0A}.Debug|Any CPU.Build.0 = Debug|Any CPU
		{2800DC16-E84B-4214-B92C-DE8A30D9CE0A}.Release|Any CPU.ActiveCfg = Release|Any CPU
		{2800DC16-E84B-4214-B92C-DE8A30D9CE0A}.Release|Any CPU.Build.0 = Release|Any CPU
	EndGlobalSection
	GlobalSection(SolutionProperties) = preSolution
		HideSolutionNode = FALSE
	EndGlobalSection
	GlobalSection(ExtensibilityGlobals) = postSolution
		SolutionGuid = {62D02BF8-70FD-48B5-87C8-E5F903E5FF0B}
	EndGlobalSection
EndGlobal
